# THIS IS AN AUTOGENERATED FILE. DO NOT EDIT THIS FILE DIRECTLY.
# yarn lockfile v1


"@openapitools/openapi-generator-cli@0.0.16-4.0.3":
  version "0.0.16-4.0.3"
  resolved "https://registry.yarnpkg.com/@openapitools/openapi-generator-cli/-/openapi-generator-cli-0.0.16-4.0.3.tgz#c123e6af65c51138c7e32d5d109d732436de44a1"
  integrity sha512-5zdiSCnGikzFUSB8YO06JN6PSb/9USRctZFYJpg+2dMDgynB/DI84938KW1OWHXQMtPLGF5Yn0HUxpSYTlItOg==

dotenv@8.0.0:
  version "8.0.0"
  resolved "https://registry.yarnpkg.com/dotenv/-/dotenv-8.0.0.tgz#ed310c165b4e8a97bb745b0a9d99c31bda566440"
  integrity sha512-30xVGqjLjiUOArT4+M5q9sYdvuR4riM6yK9wMcas9Vbp6zZa+ocC9dp6QoftuhTPhFAiLK/0C5Ni2nou/Bk8lg==

openapi-mass-generator@0.1.2:
  version "0.1.2"
  resolved "https://registry.yarnpkg.com/openapi-mass-generator/-/openapi-mass-generator-0.1.2.tgz#d03817b997785578b7f925dedccd0fa3f22c4127"
  integrity sha512-Hkjz8JDUo1qTKIk2VvWnrvccMrjcfZ6+8PcaxJM2CfnVnp2Pyb2y3DrC0uYTnd3DqgNolGos0AuDf3S7aCt8FA==
